
Microsoft Visual Studio Solution File, Format Version 12.00
# Visual Studio 2013
VisualStudioVersion = 12.0.21005.1
MinimumVisualStudioVersion = 10.0.40219.1
Project("{8BC9CEB8-8B4A-11D0-8D11-00A0C91BC942}") = "改数字", "改数字\改数字.vcxproj", "{A80A5682-2FB4-4945-9465-F065DCE0D6A9}"
EndProject
Global
	GlobalSection(SolutionConfigurationPlatforms) = preSolution
		Debug|Win32 = Debug|Win32
		Release|Win32 = Release|Win32
	EndGlobalSection
	GlobalSection(ProjectConfigurationPlatforms) = postSolution
		{A80A5682-2FB4-4945-9465-F065DCE0D6A9}.Debug|Win32.ActiveCfg = Debug|Win32
		{A80A5682-2FB4-4945-9465-F065DCE0D6A9}.Debug|Win32.Build.0 = Debug|Win32
		{A80A5682-2FB4-4945-9465-F065DCE0D6A9}.Release|Win32.ActiveCfg = Release|Win32
		{A80A5682-2FB4-4945-9465-F065DCE0D6A9}.Release|Win32.Build.0 = Release|Win32
	EndGlobalSection
	GlobalSection(SolutionProperties) = preSolution
		HideSolutionNode = FALSE
	EndGlobalSection
EndGlobal
