
Microsoft Visual Studio Solution File, Format Version 12.00
# Visual Studio 2013
VisualStudioVersion = 12.0.21005.1
MinimumVisualStudioVersion = 10.0.40219.1
Project("{8BC9CEB8-8B4A-11D0-8D11-00A0C91BC942}") = "空格替换", "空格替换\空格替换.vcxproj", "{DB147479-409D-41C7-9AA2-8A7C382707EB}"
EndProject
Global
	GlobalSection(SolutionConfigurationPlatforms) = preSolution
		Debug|Win32 = Debug|Win32
		Release|Win32 = Release|Win32
	EndGlobalSection
	GlobalSection(ProjectConfigurationPlatforms) = postSolution
		{DB147479-409D-41C7-9AA2-8A7C382707EB}.Debug|Win32.ActiveCfg = Debug|Win32
		{DB147479-409D-41C7-9AA2-8A7C382707EB}.Debug|Win32.Build.0 = Debug|Win32
		{DB147479-409D-41C7-9AA2-8A7C382707EB}.Release|Win32.ActiveCfg = Release|Win32
		{DB147479-409D-41C7-9AA2-8A7C382707EB}.Release|Win32.Build.0 = Release|Win32
	EndGlobalSection
	GlobalSection(SolutionProperties) = preSolution
		HideSolutionNode = FALSE
	EndGlobalSection
EndGlobal
